
Microsoft Visual Studio Solution File, Format Version 12.00
# Visual Studio Version 17
VisualStudioVersion = 17.8.34525.116
MinimumVisualStudioVersion = 10.0.40219.1
Project("{FAE04EC0-301F-11D3-BF4B-00C04F79EFBC}") = "Assignment3", "Assignment3\Assignment3.csproj", "{90A313EF-220F-4AF7-BFC1-FD14B6739E33}"
EndProject
Global
	GlobalSection(SolutionConfigurationPlatforms) = preSolution
		Debug|Any CPU = Debug|Any CPU
		Release|Any CPU = Release|Any CPU
	EndGlobalSection
	GlobalSection(ProjectConfigurationPlatforms) = postSolution
		{90A313EF-220F-4AF7-BFC1-FD14B6739E33}.Debug|Any CPU.ActiveCfg = Debug|Any CPU
		{90A313EF-220F-4AF7-BFC1-FD14B6739E33}.Debug|Any CPU.Build.0 = Debug|Any CPU
		{90A313EF-220F-4AF7-BFC1-FD14B6739E33}.Release|Any CPU.ActiveCfg = Release|Any CPU
		{90A313EF-220F-4AF7-BFC1-FD14B6739E33}.Release|Any CPU.Build.0 = Release|Any CPU
	EndGlobalSection
	GlobalSection(SolutionProperties) = preSolution
		HideSolutionNode = FALSE
	EndGlobalSection
	GlobalSection(ExtensibilityGlobals) = postSolution
		SolutionGuid = {B78030A6-4FAA-48C4-9C2E-AA8B164B2B24}
	EndGlobalSection
EndGlobal
